// !$*UTF8*$!
{
	archiveVersion = 1;
	classes = {
	};
	objectVersion = 55;
	objects = {

/* Begin PBXBuildFile section */
		40532AD92838C554007B25A2 /* InfoFile.swift in Sources */ = {isa = PBXBuildFile; fileRef = 40532AD82838C554007B25A2 /* InfoFile.swift */; };
		406ADB08280D92FB0034FC67 /* AddFileView.swift in Sources */ = {isa = PBXBuildFile; fileRef = 406ADB07280D92FB0034FC67 /* AddFileView.swift */; };
		406ADB0A280D94D00034FC67 /* ListFilesView.swift in Sources */ = {isa = PBXBuildFile; fileRef = 406ADB09280D94D00034FC67 /* ListFilesView.swift */; };
		4077E2AA2834DBE500AB79A2 /* SplashSettingsView.swift in Sources */ = {isa = PBXBuildFile; fileRef = 4077E2A92834DBE500AB79A2 /* SplashSettingsView.swift */; };
		409820A227E8DA3200C77138 /* ViewModel.swift in Sources */ = {isa = PBXBuildFile; fileRef = 409820A127E8DA3200C77138 /* ViewModel.swift */; };
		409820A627E9C59C00C77138 /* ParametrsView.swift in Sources */ = {isa = PBXBuildFile; fileRef = 409820A527E9C59C00C77138 /* ParametrsView.swift */; };
		40D2516E283F311E005FD9F6 /* CustomAlert.swift in Sources */ = {isa = PBXBuildFile; fileRef = 40D2516D283F311E005FD9F6 /* CustomAlert.swift */; };
		40F2EA6927C8DC4B00CB85AC /* FAT_LFNApp.swift in Sources */ = {isa = PBXBuildFile; fileRef = 40F2EA5927C8DC4800CB85AC /* FAT_LFNApp.swift */; };
		40F2EA6A27C8DC4B00CB85AC /* FAT_LFNApp.swift in Sources */ = {isa = PBXBuildFile; fileRef = 40F2EA5927C8DC4800CB85AC /* FAT_LFNApp.swift */; };
		40F2EA6B27C8DC4B00CB85AC /* ContentView.swift in Sources */ = {isa = PBXBuildFile; fileRef = 40F2EA5A27C8DC4800CB85AC /* ContentView.swift */; };
		40F2EA6C27C8DC4B00CB85AC /* ContentView.swift in Sources */ = {isa = PBXBuildFile; fileRef = 40F2EA5A27C8DC4800CB85AC /* ContentView.swift */; };
		40F2EA6D27C8DC4B00CB85AC /* Assets.xcassets in Resources */ = {isa = PBXBuildFile; fileRef = 40F2EA5B27C8DC4B00CB85AC /* Assets.xcassets */; };
		40F2EA6E27C8DC4B00CB85AC /* Assets.xcassets in Resources */ = {isa = PBXBuildFile; fileRef = 40F2EA5B27C8DC4B00CB85AC /* Assets.xcassets */; };
		40F2EA7927C8DC6B00CB85AC /* FileSystem.swift in Sources */ = {isa = PBXBuildFile; fileRef = 40F2EA7827C8DC6B00CB85AC /* FileSystem.swift */; };
		40F2EA7D27C8F9E400CB85AC /* MainView.swift in Sources */ = {isa = PBXBuildFile; fileRef = 40F2EA7C27C8F9E400CB85AC /* MainView.swift */; };
/* End PBXBuildFile section */

/* Begin PBXFileReference section */
		40532AD82838C554007B25A2 /* InfoFile.swift */ = {isa = PBXFileReference; lastKnownFileType = sourcecode.swift; path = InfoFile.swift; sourceTree = "<group>"; };
		406ADB07280D92FB0034FC67 /* AddFileView.swift */ = {isa = PBXFileReference; fileEncoding = 4; lastKnownFileType = sourcecode.swift; path = AddFileView.swift; sourceTree = "<group>"; };
		406ADB09280D94D00034FC67 /* ListFilesView.swift */ = {isa = PBXFileReference; lastKnownFileType = sourcecode.swift; path = ListFilesView.swift; sourceTree = "<group>"; };
		4077E2A92834DBE500AB79A2 /* SplashSettingsView.swift */ = {isa = PBXFileReference; lastKnownFileType = sourcecode.swift; path = SplashSettingsView.swift; sourceTree = "<group>"; };
		409820A127E8DA3200C77138 /* ViewModel.swift */ = {isa = PBXFileReference; lastKnownFileType = sourcecode.swift; path = ViewModel.swift; sourceTree = "<group>"; };
		409820A527E9C59C00C77138 /* ParametrsView.swift */ = {isa = PBXFileReference; lastKnownFileType = sourcecode.swift; path = ParametrsView.swift; sourceTree = "<group>"; };
		40D2516D283F311E005FD9F6 /* CustomAlert.swift */ = {isa = PBXFileReference; lastKnownFileType = sourcecode.swift; path = CustomAlert.swift; sourceTree = "<group>"; };
		40D2516F2841D90B005FD9F6 /* FAT_LFN (iOS).entitlements */ = {isa = PBXFileReference; lastKnownFileType = text.plist.entitlements; path = "FAT_LFN (iOS).entitlements"; sourceTree = "<group>"; };
		40F2EA5927C8DC4800CB85AC /* FAT_LFNApp.swift */ = {isa = PBXFileReference; lastKnownFileType = sourcecode.swift; path = FAT_LFNApp.swift; sourceTree = "<group>"; };
		40F2EA5A27C8DC4800CB85AC /* ContentView.swift */ = {isa = PBXFileReference; lastKnownFileType = sourcecode.swift; path = ContentView.swift; sourceTree = "<group>"; };
		40F2EA5B27C8DC4B00CB85AC /* Assets.xcassets */ = {isa = PBXFileReference; lastKnownFileType = folder.assetcatalog; path = Assets.xcassets; sourceTree = "<group>"; };
		40F2EA6027C8DC4B00CB85AC /* FAT_LFN.app */ = {isa = PBXFileReference; explicitFileType = wrapper.application; includeInIndex = 0; path = FAT_LFN.app; sourceTree = BUILT_PRODUCTS_DIR; };
		40F2EA6627C8DC4B00CB85AC /* FAT_LFN.app */ = {isa = PBXFileReference; explicitFileType = wrapper.application; includeInIndex = 0; path = FAT_LFN.app; sourceTree = BUILT_PRODUCTS_DIR; };
		40F2EA6827C8DC4B00CB85AC /* macOS.entitlements */ = {isa = PBXFileReference; lastKnownFileType = text.plist.entitlements; path = macOS.entitlements; sourceTree = "<group>"; };
		40F2EA7827C8DC6B00CB85AC /* FileSystem.swift */ = {isa = PBXFileReference; lastKnownFileType = sourcecode.swift; path = FileSystem.swift; sourceTree = "<group>"; };
		40F2EA7C27C8F9E400CB85AC /* MainView.swift */ = {isa = PBXFileReference; lastKnownFileType = sourcecode.swift; path = MainView.swift; sourceTree = "<group>"; };
/* End PBXFileReference section */

/* Begin PBXFrameworksBuildPhase section */
		40F2EA5D27C8DC4B00CB85AC /* Frameworks */ = {
			isa = PBXFrameworksBuildPhase;
			buildActionMask = 2147483647;
			files = (
			);
			runOnlyForDeploymentPostprocessing = 0;
		};
		40F2EA6327C8DC4B00CB85AC /* Frameworks */ = {
			isa = PBXFrameworksBuildPhase;
			buildActionMask = 2147483647;
			files = (
			);
			runOnlyForDeploymentPostprocessing = 0;
		};
/* End PBXFrameworksBuildPhase section */

/* Begin PBXGroup section */
		40F2EA5327C8DC4800CB85AC = {
			isa = PBXGroup;
			children = (
				40D2516F2841D90B005FD9F6 /* FAT_LFN (iOS).entitlements */,
				40F2EA5827C8DC4800CB85AC /* Shared */,
				40F2EA6727C8DC4B00CB85AC /* macOS */,
				40F2EA6127C8DC4B00CB85AC /* Products */,
			);
			sourceTree = "<group>";
		};
		40F2EA5827C8DC4800CB85AC /* Shared */ = {
			isa = PBXGroup;
			children = (
				40F2EA7B27C8F9CA00CB85AC /* ViewModel */,
				40F2EA7A27C8F9BB00CB85AC /* View */,
				40F2EA5927C8DC4800CB85AC /* FAT_LFNApp.swift */,
				40F2EA5A27C8DC4800CB85AC /* ContentView.swift */,
				40F2EA5B27C8DC4B00CB85AC /* Assets.xcassets */,
			);
			path = Shared;
			sourceTree = "<group>";
		};
		40F2EA6127C8DC4B00CB85AC /* Products */ = {
			isa = PBXGroup;
			children = (
				40F2EA6027C8DC4B00CB85AC /* FAT_LFN.app */,
				40F2EA6627C8DC4B00CB85AC /* FAT_LFN.app */,
			);
			name = Products;
			sourceTree = "<group>";
		};
		40F2EA6727C8DC4B00CB85AC /* macOS */ = {
			isa = PBXGroup;
			children = (
				40F2EA6827C8DC4B00CB85AC /* macOS.entitlements */,
			);
			path = macOS;
			sourceTree = "<group>";
		};
		40F2EA7727C8DC5600CB85AC /* Model */ = {
			isa = PBXGroup;
			children = (
				40F2EA7827C8DC6B00CB85AC /* FileSystem.swift */,
			);
			path = Model;
			sourceTree = "<group>";
		};
		40F2EA7A27C8F9BB00CB85AC /* View */ = {
			isa = PBXGroup;
			children = (
				40F2EA7C27C8F9E400CB85AC /* MainView.swift */,
				406ADB07280D92FB0034FC67 /* AddFileView.swift */,
				406ADB09280D94D00034FC67 /* ListFilesView.swift */,
				409820A527E9C59C00C77138 /* ParametrsView.swift */,
				40532AD82838C554007B25A2 /* InfoFile.swift */,
				40F2EA7727C8DC5600CB85AC /* Model */,
				4077E2A92834DBE500AB79A2 /* SplashSettingsView.swift */,
				40D2516D283F311E005FD9F6 /* CustomAlert.swift */,
			);
			path = View;
			sourceTree = "<group>";
		};
		40F2EA7B27C8F9CA00CB85AC /* ViewModel */ = {
			isa = PBXGroup;
			children = (
				409820A127E8DA3200C77138 /* ViewModel.swift */,
			);
			path = ViewModel;
			sourceTree = "<group>";
		};
/* End PBXGroup section */

/* Begin PBXNativeTarget section */
		40F2EA5F27C8DC4B00CB85AC /* FAT_LFN (iOS) */ = {
			isa = PBXNativeTarget;
			buildConfigurationList = 40F2EA7127C8DC4B00CB85AC /* Build configuration list for PBXNativeTarget "FAT_LFN (iOS)" */;
			buildPhases = (
				40F2EA5C27C8DC4B00CB85AC /* Sources */,
				40F2EA5D27C8DC4B00CB85AC /* Frameworks */,
				40F2EA5E27C8DC4B00CB85AC /* Resources */,
			);
			buildRules = (
			);
			dependencies = (
			);
			name = "FAT_LFN (iOS)";
			productName = "FAT_LFN (iOS)";
			productReference = 40F2EA6027C8DC4B00CB85AC /* FAT_LFN.app */;
			productType = "com.apple.product-type.application";
		};
		40F2EA6527C8DC4B00CB85AC /* FAT_LFN (macOS) */ = {
			isa = PBXNativeTarget;
			buildConfigurationList = 40F2EA7427C8DC4B00CB85AC /* Build configuration list for PBXNativeTarget "FAT_LFN (macOS)" */;
			buildPhases = (
				40F2EA6227C8DC4B00CB85AC /* Sources */,
				40F2EA6327C8DC4B00CB85AC /* Frameworks */,
				40F2EA6427C8DC4B00CB85AC /* Resources */,
			);
			buildRules = (
			);
			dependencies = (
			);
			name = "FAT_LFN (macOS)";
			productName = "FAT_LFN (macOS)";
			productReference = 40F2EA6627C8DC4B00CB85AC /* FAT_LFN.app */;
			productType = "com.apple.product-type.application";
		};
/* End PBXNativeTarget section */

/* Begin PBXProject section */
		40F2EA5427C8DC4800CB85AC /* Project object */ = {
			isa = PBXProject;
			attributes = {
				BuildIndependentTargetsInParallel = 1;
				LastSwiftUpdateCheck = 1300;
				LastUpgradeCheck = 1300;
				TargetAttributes = {
					40F2EA5F27C8DC4B00CB85AC = {
						CreatedOnToolsVersion = 13.0;
					};
					40F2EA6527C8DC4B00CB85AC = {
						CreatedOnToolsVersion = 13.0;
					};
				};
			};
			buildConfigurationList = 40F2EA5727C8DC4800CB85AC /* Build configuration list for PBXProject "FAT_LFN" */;
			compatibilityVersion = "Xcode 13.0";
			developmentRegion = en;
			hasScannedForEncodings = 0;
			knownRegions = (
				en,
				Base,
			);
			mainGroup = 40F2EA5327C8DC4800CB85AC;
			productRefGroup = 40F2EA6127C8DC4B00CB85AC /* Products */;
			projectDirPath = "";
			projectRoot = "";
			targets = (
				40F2EA5F27C8DC4B00CB85AC /* FAT_LFN (iOS) */,
				40F2EA6527C8DC4B00CB85AC /* FAT_LFN (macOS) */,
			);
		};
/* End PBXProject section */

/* Begin PBXResourcesBuildPhase section */
		40F2EA5E27C8DC4B00CB85AC /* Resources */ = {
			isa = PBXResourcesBuildPhase;
			buildActionMask = 2147483647;
			files = (
				40F2EA6D27C8DC4B00CB85AC /* Assets.xcassets in Resources */,
			);
			runOnlyForDeploymentPostprocessing = 0;
		};
		40F2EA6427C8DC4B00CB85AC /* Resources */ = {
			isa = PBXResourcesBuildPhase;
			buildActionMask = 2147483647;
			files = (
				40F2EA6E27C8DC4B00CB85AC /* Assets.xcassets in Resources */,
			);
			runOnlyForDeploymentPostprocessing = 0;
		};
/* End PBXResourcesBuildPhase section */

/* Begin PBXSourcesBuildPhase section */
		40F2EA5C27C8DC4B00CB85AC /* Sources */ = {
			isa = PBXSourcesBuildPhase;
			buildActionMask = 2147483647;
			files = (
				4077E2AA2834DBE500AB79A2 /* SplashSettingsView.swift in Sources */,
				406ADB0A280D94D00034FC67 /* ListFilesView.swift in Sources */,
				409820A227E8DA3200C77138 /* ViewModel.swift in Sources */,
				40D2516E283F311E005FD9F6 /* CustomAlert.swift in Sources */,
				40F2EA6B27C8DC4B00CB85AC /* ContentView.swift in Sources */,
				409820A627E9C59C00C77138 /* ParametrsView.swift in Sources */,
				40F2EA7D27C8F9E400CB85AC /* MainView.swift in Sources */,
				40532AD92838C554007B25A2 /* InfoFile.swift in Sources */,
				40F2EA7927C8DC6B00CB85AC /* FileSystem.swift in Sources */,
				406ADB08280D92FB0034FC67 /* AddFileView.swift in Sources */,
				40F2EA6927C8DC4B00CB85AC /* FAT_LFNApp.swift in Sources */,
			);
			runOnlyForDeploymentPostprocessing = 0;
		};
		40F2EA6227C8DC4B00CB85AC /* Sources */ = {
			isa = PBXSourcesBuildPhase;
			buildActionMask = 2147483647;
			files = (
				40F2EA6C27C8DC4B00CB85AC /* ContentView.swift in Sources */,
				40F2EA6A27C8DC4B00CB85AC /* FAT_LFNApp.swift in Sources */,
			);
			runOnlyForDeploymentPostprocessing = 0;
		};
/* End PBXSourcesBuildPhase section */

/* Begin XCBuildConfiguration section */
		40F2EA6F27C8DC4B00CB85AC /* Debug */ = {
			isa = XCBuildConfiguration;
			buildSettings = {
				ALWAYS_SEARCH_USER_PATHS = NO;
				CLANG_ANALYZER_NONNULL = YES;
				CLANG_ANALYZER_NUMBER_OBJECT_CONVERSION = YES_AGGRESSIVE;
				CLANG_CXX_LANGUAGE_STANDARD = "gnu++17";
				CLANG_CXX_LIBRARY = "libc++";
				CLANG_ENABLE_MODULES = YES;
				CLANG_ENABLE_OBJC_ARC = YES;
				CLANG_ENABLE_OBJC_WEAK = YES;
				CLANG_WARN_BLOCK_CAPTURE_AUTORELEASING = YES;
				CLANG_WARN_BOOL_CONVERSION = YES;
				CLANG_WARN_COMMA = YES;
				CLANG_WARN_CONSTANT_CONVERSION = YES;
				CLANG_WARN_DEPRECATED_OBJC_IMPLEMENTATIONS = YES;
				CLANG_WARN_DIRECT_OBJC_ISA_USAGE = YES_ERROR;
				CLANG_WARN_DOCUMENTATION_COMMENTS = YES;
				CLANG_WARN_EMPTY_BODY = YES;
				CLANG_WARN_ENUM_CONVERSION = YES;
				CLANG_WARN_INFINITE_RECURSION = YES;
				CLANG_WARN_INT_CONVERSION = YES;
				CLANG_WARN_NON_LITERAL_NULL_CONVERSION = YES;
				CLANG_WARN_OBJC_IMPLICIT_RETAIN_SELF = YES;
				CLANG_WARN_OBJC_LITERAL_CONVERSION = YES;
				CLANG_WARN_OBJC_ROOT_CLASS = YES_ERROR;
				CLANG_WARN_QUOTED_INCLUDE_IN_FRAMEWORK_HEADER = YES;
				CLANG_WARN_RANGE_LOOP_ANALYSIS = YES;
				CLANG_WARN_STRICT_PROTOTYPES = YES;
				CLANG_WARN_SUSPICIOUS_MOVE = YES;
				CLANG_WARN_UNGUARDED_AVAILABILITY = YES_AGGRESSIVE;
				CLANG_WARN_UNREACHABLE_CODE = YES;
				CLANG_WARN__DUPLICATE_METHOD_MATCH = YES;
				COPY_PHASE_STRIP = NO;
				DEBUG_INFORMATION_FORMAT = dwarf;
				ENABLE_STRICT_OBJC_MSGSEND = YES;
				ENABLE_TESTABILITY = YES;
				GCC_C_LANGUAGE_STANDARD = gnu11;
				GCC_DYNAMIC_NO_PIC = NO;
				GCC_NO_COMMON_BLOCKS = YES;
				GCC_OPTIMIZATION_LEVEL = 0;
				GCC_PREPROCESSOR_DEFINITIONS = (
					"DEBUG=1",
					"$(inherited)",
				);
				GCC_WARN_64_TO_32_BIT_CONVERSION = YES;
				GCC_WARN_ABOUT_RETURN_TYPE = YES_ERROR;
				GCC_WARN_UNDECLARED_SELECTOR = YES;
				GCC_WARN_UNINITIALIZED_AUTOS = YES_AGGRESSIVE;
				GCC_WARN_UNUSED_FUNCTION = YES;
				GCC_WARN_UNUSED_VARIABLE = YES;
				MTL_ENABLE_DEBUG_INFO = INCLUDE_SOURCE;
				MTL_FAST_MATH = YES;
				ONLY_ACTIVE_ARCH = YES;
				SWIFT_ACTIVE_COMPILATION_CONDITIONS = DEBUG;
				SWIFT_OPTIMIZATION_LEVEL = "-Onone";
			};
			name = Debug;
		};
		40F2EA7027C8DC4B00CB85AC /* Release */ = {
			isa = XCBuildConfiguration;
			buildSettings = {
				ALWAYS_SEARCH_USER_PATHS = NO;
				CLANG_ANALYZER_NONNULL = YES;
				CLANG_ANALYZER_NUMBER_OBJECT_CONVERSION = YES_AGGRESSIVE;
				CLANG_CXX_LANGUAGE_STANDARD = "gnu++17";
				CLANG_CXX_LIBRARY = "libc++";
				CLANG_ENABLE_MODULES = YES;
				CLANG_ENABLE_OBJC_ARC = YES;
				CLANG_ENABLE_OBJC_WEAK = YES;
				CLANG_WARN_BLOCK_CAPTURE_AUTORELEASING = YES;
				CLANG_WARN_BOOL_CONVERSION = YES;
				CLANG_WARN_COMMA = YES;
				CLANG_WARN_CONSTANT_CONVERSION = YES;
				CLANG_WARN_DEPRECATED_OBJC_IMPLEMENTATIONS = YES;
				CLANG_WARN_DIRECT_OBJC_ISA_USAGE = YES_ERROR;
				CLANG_WARN_DOCUMENTATION_COMMENTS = YES;
				CLANG_WARN_EMPTY_BODY = YES;
				CLANG_WARN_ENUM_CONVERSION = YES;
				CLANG_WARN_INFINITE_RECURSION = YES;
				CLANG_WARN_INT_CONVERSION = YES;
				CLANG_WARN_NON_LITERAL_NULL_CONVERSION = YES;
				CLANG_WARN_OBJC_IMPLICIT_RETAIN_SELF = YES;
				CLANG_WARN_OBJC_LITERAL_CONVERSION = YES;
				CLANG_WARN_OBJC_ROOT_CLASS = YES_ERROR;
				CLANG_WARN_QUOTED_INCLUDE_IN_FRAMEWORK_HEADER = YES;
				CLANG_WARN_RANGE_LOOP_ANALYSIS = YES;
				CLANG_WARN_STRICT_PROTOTYPES = YES;
				CLANG_WARN_SUSPICIOUS_MOVE = YES;
				CLANG_WARN_UNGUARDED_AVAILABILITY = YES_AGGRESSIVE;
				CLANG_WARN_UNREACHABLE_CODE = YES;
				CLANG_WARN__DUPLICATE_METHOD_MATCH = YES;
				COPY_PHASE_STRIP = NO;
				DEBUG_INFORMATION_FORMAT = "dwarf-with-dsym";
				ENABLE_NS_ASSERTIONS = NO;
				ENABLE_STRICT_OBJC_MSGSEND = YES;
				GCC_C_LANGUAGE_STANDARD = gnu11;
				GCC_NO_COMMON_BLOCKS = YES;
				GCC_WARN_64_TO_32_BIT_CONVERSION = YES;
				GCC_WARN_ABOUT_RETURN_TYPE = YES_ERROR;
				GCC_WARN_UNDECLARED_SELECTOR = YES;
				GCC_WARN_UNINITIALIZED_AUTOS = YES_AGGRESSIVE;
				GCC_WARN_UNUSED_FUNCTION = YES;
				GCC_WARN_UNUSED_VARIABLE = YES;
				MTL_ENABLE_DEBUG_INFO = NO;
				MTL_FAST_MATH = YES;
				SWIFT_COMPILATION_MODE = wholemodule;
				SWIFT_OPTIMIZATION_LEVEL = "-O";
			};
			name = Release;
		};
		40F2EA7227C8DC4B00CB85AC /* Debug */ = {
			isa = XCBuildConfiguration;
			buildSettings = {
				ASSETCATALOG_COMPILER_APPICON_NAME = "AppIcon-1";
				ASSETCATALOG_COMPILER_GLOBAL_ACCENT_COLOR_NAME = AccentColor;
				CODE_SIGN_ENTITLEMENTS = "FAT_LFN (iOS).entitlements";
				CODE_SIGN_STYLE = Automatic;
				CURRENT_PROJECT_VERSION = 1;
				DEVELOPMENT_TEAM = Q725XC84L2;
				ENABLE_PREVIEWS = YES;
				GENERATE_INFOPLIST_FILE = YES;
				INFOPLIST_KEY_UIApplicationSceneManifest_Generation = YES;
				INFOPLIST_KEY_UIApplicationSupportsIndirectInputEvents = YES;
				INFOPLIST_KEY_UILaunchScreen_Generation = YES;
				INFOPLIST_KEY_UISupportedInterfaceOrientations = UIInterfaceOrientationPortrait;
				INFOPLIST_KEY_UISupportedInterfaceOrientations_iPad = "UIInterfaceOrientationPortrait UIInterfaceOrientationPortraitUpsideDown UIInterfaceOrientationLandscapeLeft UIInterfaceOrientationLandscapeRight";
				INFOPLIST_KEY_UISupportedInterfaceOrientations_iPhone = "UIInterfaceOrientationPortrait UIInterfaceOrientationLandscapeLeft UIInterfaceOrientationLandscapeRight";
				IPHONEOS_DEPLOYMENT_TARGET = 15.0;
				LD_RUNPATH_SEARCH_PATHS = (
					"$(inherited)",
					"@executable_path/Frameworks",
				);
				MARKETING_VERSION = 1.0;
				PRODUCT_BUNDLE_IDENTIFIER = "ilya.FAT-LFN";
				PRODUCT_NAME = FAT_LFN;
				SDKROOT = iphoneos;
				SUPPORTS_MACCATALYST = NO;
				SWIFT_EMIT_LOC_STRINGS = YES;
				SWIFT_VERSION = 5.0;
				TARGETED_DEVICE_FAMILY = "1,2";
			};
			name = Debug;
		};
		40F2EA7327C8DC4B00CB85AC /* Release */ = {
			isa = XCBuildConfiguration;
			buildSettings = {
				ASSETCATALOG_COMPILER_APPICON_NAME = "AppIcon-1";
				ASSETCATALOG_COMPILER_GLOBAL_ACCENT_COLOR_NAME = AccentColor;
				CODE_SIGN_ENTITLEMENTS = "FAT_LFN (iOS).entitlements";
				CODE_SIGN_STYLE = Automatic;
				CURRENT_PROJECT_VERSION = 1;
				DEVELOPMENT_TEAM = Q725XC84L2;
				ENABLE_PREVIEWS = YES;
				GENERATE_INFOPLIST_FILE = YES;
				INFOPLIST_KEY_UIApplicationSceneManifest_Generation = YES;
				INFOPLIST_KEY_UIApplicationSupportsIndirectInputEvents = YES;
				INFOPLIST_KEY_UILaunchScreen_Generation = YES;
				INFOPLIST_KEY_UISupportedInterfaceOrientations = UIInterfaceOrientationPortrait;
				INFOPLIST_KEY_UISupportedInterfaceOrientations_iPad = "UIInterfaceOrientationPortrait UIInterfaceOrientationPortraitUpsideDown UIInterfaceOrientationLandscapeLeft UIInterfaceOrientationLandscapeRight";
				INFOPLIST_KEY_UISupportedInterfaceOrientations_iPhone = "UIInterfaceOrientationPortrait UIInterfaceOrientationLandscapeLeft UIInterfaceOrientationLandscapeRight";
				IPHONEOS_DEPLOYMENT_TARGET = 15.0;
				LD_RUNPATH_SEARCH_PATHS = (
					"$(inherited)",
					"@executable_path/Frameworks",
				);
				MARKETING_VERSION = 1.0;
				PRODUCT_BUNDLE_IDENTIFIER = "ilya.FAT-LFN";
				PRODUCT_NAME = FAT_LFN;
				SDKROOT = iphoneos;
				SUPPORTS_MACCATALYST = NO;
				SWIFT_EMIT_LOC_STRINGS = YES;
				SWIFT_VERSION = 5.0;
				TARGETED_DEVICE_FAMILY = "1,2";
				VALIDATE_PRODUCT = YES;
			};
			name = Release;
		};
		40F2EA7527C8DC4B00CB85AC /* Debug */ = {
			isa = XCBuildConfiguration;
			buildSettings = {
				ASSETCATALOG_COMPILER_APPICON_NAME = AppIcon;
				ASSETCATALOG_COMPILER_GLOBAL_ACCENT_COLOR_NAME = AccentColor;
				CODE_SIGN_ENTITLEMENTS = macOS/macOS.entitlements;
				CODE_SIGN_STYLE = Automatic;
				COMBINE_HIDPI_IMAGES = YES;
				CURRENT_PROJECT_VERSION = 1;
				DEVELOPMENT_TEAM = Q725XC84L2;
				ENABLE_HARDENED_RUNTIME = YES;
				ENABLE_PREVIEWS = YES;
				GENERATE_INFOPLIST_FILE = YES;
				INFOPLIST_KEY_NSHumanReadableCopyright = "";
				LD_RUNPATH_SEARCH_PATHS = (
					"$(inherited)",
					"@executable_path/../Frameworks",
				);
				MACOSX_DEPLOYMENT_TARGET = 11.0;
				MARKETING_VERSION = 1.0;
				PRODUCT_BUNDLE_IDENTIFIER = "ilya.FAT-LFN";
				PRODUCT_NAME = FAT_LFN;
				SDKROOT = macosx;
				SWIFT_EMIT_LOC_STRINGS = YES;
				SWIFT_VERSION = 5.0;
			};
			name = Debug;
		};
		40F2EA7627C8DC4B00CB85AC /* Release */ = {
			isa = XCBuildConfiguration;
			buildSettings = {
				ASSETCATALOG_COMPILER_APPICON_NAME = AppIcon;
				ASSETCATALOG_COMPILER_GLOBAL_ACCENT_COLOR_NAME = AccentColor;
				CODE_SIGN_ENTITLEMENTS = macOS/macOS.entitlements;
				CODE_SIGN_STYLE = Automatic;
				COMBINE_HIDPI_IMAGES = YES;
				CURRENT_PROJECT_VERSION = 1;
				DEVELOPMENT_TEAM = Q725XC84L2;
				ENABLE_HARDENED_RUNTIME = YES;
				ENABLE_PREVIEWS = YES;
				GENERATE_INFOPLIST_FILE = YES;
				INFOPLIST_KEY_NSHumanReadableCopyright = "";
				LD_RUNPATH_SEARCH_PATHS = (
					"$(inherited)",
					"@executable_path/../Frameworks",
				);
				MACOSX_DEPLOYMENT_TARGET = 11.0;
				MARKETING_VERSION = 1.0;
				PRODUCT_BUNDLE_IDENTIFIER = "ilya.FAT-LFN";
				PRODUCT_NAME = FAT_LFN;
				SDKROOT = macosx;
				SWIFT_EMIT_LOC_STRINGS = YES;
				SWIFT_VERSION = 5.0;
			};
			name = Release;
		};
/* End XCBuildConfiguration section */

/* Begin XCConfigurationList section */
		40F2EA5727C8DC4800CB85AC /* Build configuration list for PBXProject "FAT_LFN" */ = {
			isa = XCConfigurationList;
			buildConfigurations = (
				40F2EA6F27C8DC4B00CB85AC /* Debug */,
				40F2EA7027C8DC4B00CB85AC /* Release */,
			);
			defaultConfigurationIsVisible = 0;
			defaultConfigurationName = Release;
		};
		40F2EA7127C8DC4B00CB85AC /* Build configuration list for PBXNativeTarget "FAT_LFN (iOS)" */ = {
			isa = XCConfigurationList;
			buildConfigurations = (
				40F2EA7227C8DC4B00CB85AC /* Debug */,
				40F2EA7327C8DC4B00CB85AC /* Release */,
			);
			defaultConfigurationIsVisible = 0;
			defaultConfigurationName = Release;
		};
		40F2EA7427C8DC4B00CB85AC /* Build configuration list for PBXNativeTarget "FAT_LFN (macOS)" */ = {
			isa = XCConfigurationList;
			buildConfigurations = (
				40F2EA7527C8DC4B00CB85AC /* Debug */,
				40F2EA7627C8DC4B00CB85AC /* Release */,
			);
			defaultConfigurationIsVisible = 0;
			defaultConfigurationName = Release;
		};
/* End XCConfigurationList section */
	};
	rootObject = 40F2EA5427C8DC4800CB85AC /* Project object */;
}
